
Microsoft Visual Studio Solution File, Format Version 12.00
# Visual Studio Version 17
VisualStudioVersion = 17.13.35931.197
MinimumVisualStudioVersion = 10.0.40219.1
Project("{2150E333-8FDC-42A3-9474-1A3956D46DE8}") = "Application", "Application", "{02EA681E-C7D8-13C7-8484-4AC65E1B71E8}"
EndProject
Project("{2150E333-8FDC-42A3-9474-1A3956D46DE8}") = "Domain", "Domain", "{06B4D3E0-8D70-46CB-B507-E9AF5812632A}"
EndProject
Project("{2150E333-8FDC-42A3-9474-1A3956D46DE8}") = "Infrastructure", "Infrastructure", "{EB4312AB-2DDA-46B2-9429-05E387EDA00C}"
EndProject
Project("{2150E333-8FDC-42A3-9474-1A3956D46DE8}") = "Tests", "Tests", "{B22B08D8-470A-4347-9BE4-5CF80A7C7F77}"
EndProject
Project("{FAE04EC0-301F-11D3-BF4B-00C04F79EFBC}") = "OndeVaiPassar.Command", "OndeVaiPassar.Command\OndeVaiPassar.Command.csproj", "{F4BBCA73-EDC2-4A3D-B984-43F5450046AD}"
EndProject
Project("{FAE04EC0-301F-11D3-BF4B-00C04F79EFBC}") = "OndeVaiPassar.Query", "OndeVaiPassar.Query\OndeVaiPassar.Query.csproj", "{B00C9364-0055-4839-89D8-8EEDB08F98F2}"
EndProject
Project("{FAE04EC0-301F-11D3-BF4B-00C04F79EFBC}") = "OndeVaiPassar.Contract", "OndeVaiPassar.Contract\OndeVaiPassar.Contract.csproj", "{C916521C-95DF-48B9-A315-BFEF77A3A3A0}"
EndProject
Project("{FAE04EC0-301F-11D3-BF4B-00C04F79EFBC}") = "OndeVaiPassar.Domain", "OndeVaiPassar.Domain\OndeVaiPassar.Domain.csproj", "{85EA65B0-B52C-4370-B0F8-ABA184028925}"
EndProject
Project("{FAE04EC0-301F-11D3-BF4B-00C04F79EFBC}") = "OndeVaiPassar.Enum", "OndeVaiPassar.Enum\OndeVaiPassar.Enum.csproj", "{4A11C40F-BCA2-46CD-843A-334700808C78}"
EndProject
Project("{FAE04EC0-301F-11D3-BF4B-00C04F79EFBC}") = "OndeVaiPassar.Language", "OndeVaiPassar.Language\OndeVaiPassar.Language.csproj", "{0E7B5BEE-2A0E-4D40-8F0C-2D54AB775954}"
EndProject
Project("{FAE04EC0-301F-11D3-BF4B-00C04F79EFBC}") = "OndeVaiPassar.Shared", "OndeVaiPassar.Shared\OndeVaiPassar.Shared.csproj", "{85799470-4E36-481F-959B-0E000AAA8FF6}"
EndProject
Project("{FAE04EC0-301F-11D3-BF4B-00C04F79EFBC}") = "OndeVaiPassar.CommandStore", "OndeVaiPassar.CommandStore\OndeVaiPassar.CommandStore.csproj", "{3A07105A-5324-4E4E-813B-65B71DF3A506}"
EndProject
Project("{FAE04EC0-301F-11D3-BF4B-00C04F79EFBC}") = "OndeVaiPassar.QueryStore", "OndeVaiPassar.QueryStore\OndeVaiPassar.QueryStore.csproj", "{CC443692-FDDB-414E-9DB7-EC544E3F07A2}"
EndProject
Project("{2150E333-8FDC-42A3-9474-1A3956D46DE8}") = "Database", "Database", "{90CA0E08-9836-40B8-9613-D6C5FBE2E21F}"
EndProject
Project("{2150E333-8FDC-42A3-9474-1A3956D46DE8}") = "Web", "Web", "{3CD102D9-731C-49BF-9B00-D661F02A96BE}"
EndProject
Project("{FAE04EC0-301F-11D3-BF4B-00C04F79EFBC}") = "OndeVaiPassar.Api", "OndeVaiPassar.Api\OndeVaiPassar.Api.csproj", "{49489B5A-B672-4DDB-AA8D-D155236E89C5}"
EndProject
Project("{FAE04EC0-301F-11D3-BF4B-00C04F79EFBC}") = "OndeVaiPassar.UnitTests", "OndeVaiPassar.UnitTests\OndeVaiPassar.UnitTests.csproj", "{8C250366-3A7B-4142-B5DB-4B541E1ECB43}"
EndProject
Project("{FAE04EC0-301F-11D3-BF4B-00C04F79EFBC}") = "OndeVaiPassar.IntegrationTests", "OndeVaiPassar.IntegrationTests\OndeVaiPassar.IntegrationTests.csproj", "{C685A87F-5B84-4646-AD2E-21BF2DD7B6C3}"
EndProject
Project("{FAE04EC0-301F-11D3-BF4B-00C04F79EFBC}") = "OndeVaiPassar.DTOs", "OndeVaiPassar.DTOs\OndeVaiPassar.DTOs.csproj", "{63F4B3E9-3ADC-4D40-8C71-6539281346AE}"
EndProject
Project("{FAE04EC0-301F-11D3-BF4B-00C04F79EFBC}") = "OndeVaiPassar.Persistence", "OndeVaiPassar.Persistence\OndeVaiPassar.Persistence.csproj", "{292D2CD5-32D5-403F-AC0E-F7E69DDF7626}"
EndProject
Global
	GlobalSection(SolutionConfigurationPlatforms) = preSolution
		Debug|Any CPU = Debug|Any CPU
		Release|Any CPU = Release|Any CPU
	EndGlobalSection
	GlobalSection(ProjectConfigurationPlatforms) = postSolution
		{F4BBCA73-EDC2-4A3D-B984-43F5450046AD}.Debug|Any CPU.ActiveCfg = Debug|Any CPU
		{F4BBCA73-EDC2-4A3D-B984-43F5450046AD}.Debug|Any CPU.Build.0 = Debug|Any CPU
		{F4BBCA73-EDC2-4A3D-B984-43F5450046AD}.Release|Any CPU.ActiveCfg = Release|Any CPU
		{F4BBCA73-EDC2-4A3D-B984-43F5450046AD}.Release|Any CPU.Build.0 = Release|Any CPU
		{B00C9364-0055-4839-89D8-8EEDB08F98F2}.Debug|Any CPU.ActiveCfg = Debug|Any CPU
		{B00C9364-0055-4839-89D8-8EEDB08F98F2}.Debug|Any CPU.Build.0 = Debug|Any CPU
		{B00C9364-0055-4839-89D8-8EEDB08F98F2}.Release|Any CPU.ActiveCfg = Release|Any CPU
		{B00C9364-0055-4839-89D8-8EEDB08F98F2}.Release|Any CPU.Build.0 = Release|Any CPU
		{C916521C-95DF-48B9-A315-BFEF77A3A3A0}.Debug|Any CPU.ActiveCfg = Debug|Any CPU
		{C916521C-95DF-48B9-A315-BFEF77A3A3A0}.Debug|Any CPU.Build.0 = Debug|Any CPU
		{C916521C-95DF-48B9-A315-BFEF77A3A3A0}.Release|Any CPU.ActiveCfg = Release|Any CPU
		{C916521C-95DF-48B9-A315-BFEF77A3A3A0}.Release|Any CPU.Build.0 = Release|Any CPU
		{85EA65B0-B52C-4370-B0F8-ABA184028925}.Debug|Any CPU.ActiveCfg = Debug|Any CPU
		{85EA65B0-B52C-4370-B0F8-ABA184028925}.Debug|Any CPU.Build.0 = Debug|Any CPU
		{85EA65B0-B52C-4370-B0F8-ABA184028925}.Release|Any CPU.ActiveCfg = Release|Any CPU
		{85EA65B0-B52C-4370-B0F8-ABA184028925}.Release|Any CPU.Build.0 = Release|Any CPU
		{4A11C40F-BCA2-46CD-843A-334700808C78}.Debug|Any CPU.ActiveCfg = Debug|Any CPU
		{4A11C40F-BCA2-46CD-843A-334700808C78}.Debug|Any CPU.Build.0 = Debug|Any CPU
		{4A11C40F-BCA2-46CD-843A-334700808C78}.Release|Any CPU.ActiveCfg = Release|Any CPU
		{4A11C40F-BCA2-46CD-843A-334700808C78}.Release|Any CPU.Build.0 = Release|Any CPU
		{0E7B5BEE-2A0E-4D40-8F0C-2D54AB775954}.Debug|Any CPU.ActiveCfg = Debug|Any CPU
		{0E7B5BEE-2A0E-4D40-8F0C-2D54AB775954}.Debug|Any CPU.Build.0 = Debug|Any CPU
		{0E7B5BEE-2A0E-4D40-8F0C-2D54AB775954}.Release|Any CPU.ActiveCfg = Release|Any CPU
		{0E7B5BEE-2A0E-4D40-8F0C-2D54AB775954}.Release|Any CPU.Build.0 = Release|Any CPU
		{85799470-4E36-481F-959B-0E000AAA8FF6}.Debug|Any CPU.ActiveCfg = Debug|Any CPU
		{85799470-4E36-481F-959B-0E000AAA8FF6}.Debug|Any CPU.Build.0 = Debug|Any CPU
		{85799470-4E36-481F-959B-0E000AAA8FF6}.Release|Any CPU.ActiveCfg = Release|Any CPU
		{85799470-4E36-481F-959B-0E000AAA8FF6}.Release|Any CPU.Build.0 = Release|Any CPU
		{3A07105A-5324-4E4E-813B-65B71DF3A506}.Debug|Any CPU.ActiveCfg = Debug|Any CPU
		{3A07105A-5324-4E4E-813B-65B71DF3A506}.Debug|Any CPU.Build.0 = Debug|Any CPU
		{3A07105A-5324-4E4E-813B-65B71DF3A506}.Release|Any CPU.ActiveCfg = Release|Any CPU
		{3A07105A-5324-4E4E-813B-65B71DF3A506}.Release|Any CPU.Build.0 = Release|Any CPU
		{CC443692-FDDB-414E-9DB7-EC544E3F07A2}.Debug|Any CPU.ActiveCfg = Debug|Any CPU
		{CC443692-FDDB-414E-9DB7-EC544E3F07A2}.Debug|Any CPU.Build.0 = Debug|Any CPU
		{CC443692-FDDB-414E-9DB7-EC544E3F07A2}.Release|Any CPU.ActiveCfg = Release|Any CPU
		{CC443692-FDDB-414E-9DB7-EC544E3F07A2}.Release|Any CPU.Build.0 = Release|Any CPU
		{49489B5A-B672-4DDB-AA8D-D155236E89C5}.Debug|Any CPU.ActiveCfg = Debug|Any CPU
		{49489B5A-B672-4DDB-AA8D-D155236E89C5}.Debug|Any CPU.Build.0 = Debug|Any CPU
		{49489B5A-B672-4DDB-AA8D-D155236E89C5}.Release|Any CPU.ActiveCfg = Release|Any CPU
		{49489B5A-B672-4DDB-AA8D-D155236E89C5}.Release|Any CPU.Build.0 = Release|Any CPU
		{8C250366-3A7B-4142-B5DB-4B541E1ECB43}.Debug|Any CPU.ActiveCfg = Debug|Any CPU
		{8C250366-3A7B-4142-B5DB-4B541E1ECB43}.Debug|Any CPU.Build.0 = Debug|Any CPU
		{8C250366-3A7B-4142-B5DB-4B541E1ECB43}.Release|Any CPU.ActiveCfg = Release|Any CPU
		{8C250366-3A7B-4142-B5DB-4B541E1ECB43}.Release|Any CPU.Build.0 = Release|Any CPU
		{C685A87F-5B84-4646-AD2E-21BF2DD7B6C3}.Debug|Any CPU.ActiveCfg = Debug|Any CPU
		{C685A87F-5B84-4646-AD2E-21BF2DD7B6C3}.Debug|Any CPU.Build.0 = Debug|Any CPU
		{C685A87F-5B84-4646-AD2E-21BF2DD7B6C3}.Release|Any CPU.ActiveCfg = Release|Any CPU
		{C685A87F-5B84-4646-AD2E-21BF2DD7B6C3}.Release|Any CPU.Build.0 = Release|Any CPU
		{63F4B3E9-3ADC-4D40-8C71-6539281346AE}.Debug|Any CPU.ActiveCfg = Debug|Any CPU
		{63F4B3E9-3ADC-4D40-8C71-6539281346AE}.Debug|Any CPU.Build.0 = Debug|Any CPU
		{63F4B3E9-3ADC-4D40-8C71-6539281346AE}.Release|Any CPU.ActiveCfg = Release|Any CPU
		{63F4B3E9-3ADC-4D40-8C71-6539281346AE}.Release|Any CPU.Build.0 = Release|Any CPU
		{292D2CD5-32D5-403F-AC0E-F7E69DDF7626}.Debug|Any CPU.ActiveCfg = Debug|Any CPU
		{292D2CD5-32D5-403F-AC0E-F7E69DDF7626}.Debug|Any CPU.Build.0 = Debug|Any CPU
		{292D2CD5-32D5-403F-AC0E-F7E69DDF7626}.Release|Any CPU.ActiveCfg = Release|Any CPU
		{292D2CD5-32D5-403F-AC0E-F7E69DDF7626}.Release|Any CPU.Build.0 = Release|Any CPU
	EndGlobalSection
	GlobalSection(SolutionProperties) = preSolution
		HideSolutionNode = FALSE
	EndGlobalSection
	GlobalSection(NestedProjects) = preSolution
		{F4BBCA73-EDC2-4A3D-B984-43F5450046AD} = {02EA681E-C7D8-13C7-8484-4AC65E1B71E8}
		{B00C9364-0055-4839-89D8-8EEDB08F98F2} = {02EA681E-C7D8-13C7-8484-4AC65E1B71E8}
		{C916521C-95DF-48B9-A315-BFEF77A3A3A0} = {02EA681E-C7D8-13C7-8484-4AC65E1B71E8}
		{85EA65B0-B52C-4370-B0F8-ABA184028925} = {06B4D3E0-8D70-46CB-B507-E9AF5812632A}
		{4A11C40F-BCA2-46CD-843A-334700808C78} = {06B4D3E0-8D70-46CB-B507-E9AF5812632A}
		{0E7B5BEE-2A0E-4D40-8F0C-2D54AB775954} = {06B4D3E0-8D70-46CB-B507-E9AF5812632A}
		{85799470-4E36-481F-959B-0E000AAA8FF6} = {06B4D3E0-8D70-46CB-B507-E9AF5812632A}
		{3A07105A-5324-4E4E-813B-65B71DF3A506} = {90CA0E08-9836-40B8-9613-D6C5FBE2E21F}
		{CC443692-FDDB-414E-9DB7-EC544E3F07A2} = {90CA0E08-9836-40B8-9613-D6C5FBE2E21F}
		{90CA0E08-9836-40B8-9613-D6C5FBE2E21F} = {EB4312AB-2DDA-46B2-9429-05E387EDA00C}
		{3CD102D9-731C-49BF-9B00-D661F02A96BE} = {EB4312AB-2DDA-46B2-9429-05E387EDA00C}
		{49489B5A-B672-4DDB-AA8D-D155236E89C5} = {3CD102D9-731C-49BF-9B00-D661F02A96BE}
		{8C250366-3A7B-4142-B5DB-4B541E1ECB43} = {B22B08D8-470A-4347-9BE4-5CF80A7C7F77}
		{C685A87F-5B84-4646-AD2E-21BF2DD7B6C3} = {B22B08D8-470A-4347-9BE4-5CF80A7C7F77}
		{63F4B3E9-3ADC-4D40-8C71-6539281346AE} = {02EA681E-C7D8-13C7-8484-4AC65E1B71E8}
		{292D2CD5-32D5-403F-AC0E-F7E69DDF7626} = {90CA0E08-9836-40B8-9613-D6C5FBE2E21F}
	EndGlobalSection
	GlobalSection(ExtensibilityGlobals) = postSolution
		SolutionGuid = {0100190B-5AE0-4A31-A6A0-C11E03C09EEA}
	EndGlobalSection
EndGlobal
